// !$*UTF8*$!
{
	archiveVersion = 1;
	classes = {
	};
	objectVersion = 50;
	objects = {

/* Begin PBXBuildFile section */
		381CABF1FC1DCD103D30F459 /* Pods_ScriptsTest.framework in Frameworks */ = {isa = PBXBuildFile; fileRef = 15963A0E8160B9F7AABE79E8 /* Pods_ScriptsTest.framework */; };
		CEA09EDA20ABFC1A00A09D5B /* AppDelegate.swift in Sources */ = {isa = PBXBuildFile; fileRef = CEA09ED920ABFC1A00A09D5B /* AppDelegate.swift */; };
		CEA09EDC20ABFC1A00A09D5B /* ViewController.swift in Sources */ = {isa = PBXBuildFile; fileRef = CEA09EDB20ABFC1A00A09D5B /* ViewController.swift */; };
		CEA09EDF20ABFC1A00A09D5B /* Main.storyboard in Resources */ = {isa = PBXBuildFile; fileRef = CEA09EDD20ABFC1A00A09D5B /* Main.storyboard */; };
		CEA09EE120ABFC1C00A09D5B /* Assets.xcassets in Resources */ = {isa = PBXBuildFile; fileRef = CEA09EE020ABFC1C00A09D5B /* Assets.xcassets */; };
		CEA09EE420ABFC1C00A09D5B /* LaunchScreen.storyboard in Resources */ = {isa = PBXBuildFile; fileRef = CEA09EE220ABFC1C00A09D5B /* LaunchScreen.storyboard */; };
		CEA09EF120ABFF1D00A09D5B /* Localizable.strings in Resources */ = {isa = PBXBuildFile; fileRef = CEA09EF320ABFF1D00A09D5B /* Localizable.strings */; };
		CEA09EF720AC003D00A09D5B /* L10n.swift in Sources */ = {isa = PBXBuildFile; fileRef = CEA09EF620AC003D00A09D5B /* L10n.swift */; };
		CEA09EFA20AC04AC00A09D5B /* SomeController.storyboard in Resources */ = {isa = PBXBuildFile; fileRef = CEA09EF920AC04AC00A09D5B /* SomeController.storyboard */; };
		CEA09EFC20AC04E100A09D5B /* SomeController.swift in Sources */ = {isa = PBXBuildFile; fileRef = CEA09EFB20AC04E100A09D5B /* SomeController.swift */; };
/* End PBXBuildFile section */

/* Begin PBXFileReference section */
		15963A0E8160B9F7AABE79E8 /* Pods_ScriptsTest.framework */ = {isa = PBXFileReference; explicitFileType = wrapper.framework; includeInIndex = 0; path = Pods_ScriptsTest.framework; sourceTree = BUILT_PRODUCTS_DIR; };
		3EA5EA5D162C8C00EBEA7CB7 /* Pods-ScriptsTest.debug.xcconfig */ = {isa = PBXFileReference; includeInIndex = 1; lastKnownFileType = text.xcconfig; name = "Pods-ScriptsTest.debug.xcconfig"; path = "Pods/Target Support Files/Pods-ScriptsTest/Pods-ScriptsTest.debug.xcconfig"; sourceTree = "<group>"; };
		CEA09ED620ABFC1A00A09D5B /* ScriptsTest.app */ = {isa = PBXFileReference; explicitFileType = wrapper.application; includeInIndex = 0; path = ScriptsTest.app; sourceTree = BUILT_PRODUCTS_DIR; };
		CEA09ED920ABFC1A00A09D5B /* AppDelegate.swift */ = {isa = PBXFileReference; lastKnownFileType = sourcecode.swift; path = AppDelegate.swift; sourceTree = "<group>"; };
		CEA09EDB20ABFC1A00A09D5B /* ViewController.swift */ = {isa = PBXFileReference; lastKnownFileType = sourcecode.swift; path = ViewController.swift; sourceTree = "<group>"; };
		CEA09EDE20ABFC1A00A09D5B /* Base */ = {isa = PBXFileReference; lastKnownFileType = file.storyboard; name = Base; path = Base.lproj/Main.storyboard; sourceTree = "<group>"; };
		CEA09EE020ABFC1C00A09D5B /* Assets.xcassets */ = {isa = PBXFileReference; lastKnownFileType = folder.assetcatalog; path = Assets.xcassets; sourceTree = "<group>"; };
		CEA09EE320ABFC1C00A09D5B /* Base */ = {isa = PBXFileReference; lastKnownFileType = file.storyboard; name = Base; path = Base.lproj/LaunchScreen.storyboard; sourceTree = "<group>"; };
		CEA09EE520ABFC1C00A09D5B /* Info.plist */ = {isa = PBXFileReference; lastKnownFileType = text.plist.xml; path = Info.plist; sourceTree = "<group>"; };
		CEA09EF220ABFF1D00A09D5B /* en */ = {isa = PBXFileReference; lastKnownFileType = text.plist.strings; name = en; path = en.lproj/Localizable.strings; sourceTree = "<group>"; };
		CEA09EF620AC003D00A09D5B /* L10n.swift */ = {isa = PBXFileReference; fileEncoding = 4; lastKnownFileType = sourcecode.swift; path = L10n.swift; sourceTree = "<group>"; };
		CEA09EF920AC04AC00A09D5B /* SomeController.storyboard */ = {isa = PBXFileReference; lastKnownFileType = file.storyboard; path = SomeController.storyboard; sourceTree = "<group>"; };
		CEA09EFB20AC04E100A09D5B /* SomeController.swift */ = {isa = PBXFileReference; lastKnownFileType = sourcecode.swift; path = SomeController.swift; sourceTree = "<group>"; };
		FE8C7758B81D1DB46E6BF639 /* Pods-ScriptsTest.release.xcconfig */ = {isa = PBXFileReference; includeInIndex = 1; lastKnownFileType = text.xcconfig; name = "Pods-ScriptsTest.release.xcconfig"; path = "Pods/Target Support Files/Pods-ScriptsTest/Pods-ScriptsTest.release.xcconfig"; sourceTree = "<group>"; };
/* End PBXFileReference section */

/* Begin PBXFrameworksBuildPhase section */
		CEA09ED320ABFC1A00A09D5B /* Frameworks */ = {
			isa = PBXFrameworksBuildPhase;
			buildActionMask = 2147483647;
			files = (
				381CABF1FC1DCD103D30F459 /* Pods_ScriptsTest.framework in Frameworks */,
			);
			runOnlyForDeploymentPostprocessing = 0;
		};
/* End PBXFrameworksBuildPhase section */

/* Begin PBXGroup section */
		598421D0D51EA9CDC6F97C26 /* Pods */ = {
			isa = PBXGroup;
			children = (
				3EA5EA5D162C8C00EBEA7CB7 /* Pods-ScriptsTest.debug.xcconfig */,
				FE8C7758B81D1DB46E6BF639 /* Pods-ScriptsTest.release.xcconfig */,
			);
			name = Pods;
			sourceTree = "<group>";
		};
		60DD04BE38B73CDE20A9B600 /* Frameworks */ = {
			isa = PBXGroup;
			children = (
				15963A0E8160B9F7AABE79E8 /* Pods_ScriptsTest.framework */,
			);
			name = Frameworks;
			sourceTree = "<group>";
		};
		CEA09ECD20ABFC1A00A09D5B = {
			isa = PBXGroup;
			children = (
				CEA09ED820ABFC1A00A09D5B /* ScriptsTest */,
				CEA09ED720ABFC1A00A09D5B /* Products */,
				598421D0D51EA9CDC6F97C26 /* Pods */,
				60DD04BE38B73CDE20A9B600 /* Frameworks */,
			);
			sourceTree = "<group>";
		};
		CEA09ED720ABFC1A00A09D5B /* Products */ = {
			isa = PBXGroup;
			children = (
				CEA09ED620ABFC1A00A09D5B /* ScriptsTest.app */,
			);
			name = Products;
			sourceTree = "<group>";
		};
		CEA09ED820ABFC1A00A09D5B /* ScriptsTest */ = {
			isa = PBXGroup;
			children = (
				CEA09EF020ABFF0A00A09D5B /* App */,
				CEA09EEF20ABFEFB00A09D5B /* Resources */,
				CEA09EDD20ABFC1A00A09D5B /* Main.storyboard */,
				CEA09EDB20ABFC1A00A09D5B /* ViewController.swift */,
				CEA09EF920AC04AC00A09D5B /* SomeController.storyboard */,
				CEA09EFB20AC04E100A09D5B /* SomeController.swift */,
			);
			path = ScriptsTest;
			sourceTree = "<group>";
		};
		CEA09EEF20ABFEFB00A09D5B /* Resources */ = {
			isa = PBXGroup;
			children = (
				CEA09EE020ABFC1C00A09D5B /* Assets.xcassets */,
				CEA09EF320ABFF1D00A09D5B /* Localizable.strings */,
				CEA09EF620AC003D00A09D5B /* L10n.swift */,
			);
			path = Resources;
			sourceTree = "<group>";
		};
		CEA09EF020ABFF0A00A09D5B /* App */ = {
			isa = PBXGroup;
			children = (
				CEA09ED920ABFC1A00A09D5B /* AppDelegate.swift */,
				CEA09EE220ABFC1C00A09D5B /* LaunchScreen.storyboard */,
				CEA09EE520ABFC1C00A09D5B /* Info.plist */,
			);
			path = App;
			sourceTree = "<group>";
		};
/* End PBXGroup section */

/* Begin PBXNativeTarget section */
		CEA09ED520ABFC1A00A09D5B /* ScriptsTest */ = {
			isa = PBXNativeTarget;
			buildConfigurationList = CEA09EE820ABFC1C00A09D5B /* Build configuration list for PBXNativeTarget "ScriptsTest" */;
			buildPhases = (
				3F2B86FCF89D93A1010EE619 /* [CP] Check Pods Manifest.lock */,
				CEA09ED220ABFC1A00A09D5B /* Sources */,
				CEA09ED320ABFC1A00A09D5B /* Frameworks */,
				CEA09ED420ABFC1A00A09D5B /* Resources */,
				588E506B145063A5969732E3 /* [CP] Embed Pods Frameworks */,
				CEA09EED20ABFD6400A09D5B /* Swiftgen */,
				CEA09EEE20ABFD7F00A09D5B /* Swiftlint */,
				CEA09EF820AC016D00A09D5B /* IBLinter */,
				CEA09EFD20AC239200A09D5B /* IBAnalyzer */,
				CEA09EFE20AC369B00A09D5B /* unused */,
				CEA09EFF20AC38D500A09D5B /* AbandonedStrings */,
			);
			buildRules = (
			);
			dependencies = (
			);
			name = ScriptsTest;
			productName = ScriptsTest;
			productReference = CEA09ED620ABFC1A00A09D5B /* ScriptsTest.app */;
			productType = "com.apple.product-type.application";
		};
/* End PBXNativeTarget section */

/* Begin PBXProject section */
		CEA09ECE20ABFC1A00A09D5B /* Project object */ = {
			isa = PBXProject;
			attributes = {
				LastSwiftUpdateCheck = 0930;
				LastUpgradeCheck = 0930;
				ORGANIZATIONNAME = "Bondar Yaroslav";
				TargetAttributes = {
					CEA09ED520ABFC1A00A09D5B = {
						CreatedOnToolsVersion = 9.3;
					};
				};
			};
			buildConfigurationList = CEA09ED120ABFC1A00A09D5B /* Build configuration list for PBXProject "ScriptsTest" */;
			compatibilityVersion = "Xcode 9.3";
			developmentRegion = en;
			hasScannedForEncodings = 0;
			knownRegions = (
				en,
				Base,
			);
			mainGroup = CEA09ECD20ABFC1A00A09D5B;
			productRefGroup = CEA09ED720ABFC1A00A09D5B /* Products */;
			projectDirPath = "";
			projectRoot = "";
			targets = (
				CEA09ED520ABFC1A00A09D5B /* ScriptsTest */,
			);
		};
/* End PBXProject section */

/* Begin PBXResourcesBuildPhase section */
		CEA09ED420ABFC1A00A09D5B /* Resources */ = {
			isa = PBXResourcesBuildPhase;
			buildActionMask = 2147483647;
			files = (
				CEA09EE420ABFC1C00A09D5B /* LaunchScreen.storyboard in Resources */,
				CEA09EFA20AC04AC00A09D5B /* SomeController.storyboard in Resources */,
				CEA09EF120ABFF1D00A09D5B /* Localizable.strings in Resources */,
				CEA09EE120ABFC1C00A09D5B /* Assets.xcassets in Resources */,
				CEA09EDF20ABFC1A00A09D5B /* Main.storyboard in Resources */,
			);
			runOnlyForDeploymentPostprocessing = 0;
		};
/* End PBXResourcesBuildPhase section */

/* Begin PBXShellScriptBuildPhase section */
		3F2B86FCF89D93A1010EE619 /* [CP] Check Pods Manifest.lock */ = {
			isa = PBXShellScriptBuildPhase;
			buildActionMask = 2147483647;
			files = (
			);
			inputPaths = (
				"${PODS_PODFILE_DIR_PATH}/Podfile.lock",
				"${PODS_ROOT}/Manifest.lock",
			);
			name = "[CP] Check Pods Manifest.lock";
			outputPaths = (
				"$(DERIVED_FILE_DIR)/Pods-ScriptsTest-checkManifestLockResult.txt",
			);
			runOnlyForDeploymentPostprocessing = 0;
			shellPath = /bin/sh;
			shellScript = "diff \"${PODS_PODFILE_DIR_PATH}/Podfile.lock\" \"${PODS_ROOT}/Manifest.lock\" > /dev/null\nif [ $? != 0 ] ; then\n    # print error to STDERR\n    echo \"error: The sandbox is not in sync with the Podfile.lock. Run 'pod install' or update your CocoaPods installation.\" >&2\n    exit 1\nfi\n# This output is used by Xcode 'outputs' to avoid re-running this script phase.\necho \"SUCCESS\" > \"${SCRIPT_OUTPUT_FILE_0}\"\n";
			showEnvVarsInLog = 0;
		};
		588E506B145063A5969732E3 /* [CP] Embed Pods Frameworks */ = {
			isa = PBXShellScriptBuildPhase;
			buildActionMask = 2147483647;
			files = (
			);
			inputPaths = (
				"${SRCROOT}/Pods/Target Support Files/Pods-ScriptsTest/Pods-ScriptsTest-frameworks.sh",
				"${BUILT_PRODUCTS_DIR}/IBLinter/IBLinter.framework",
			);
			name = "[CP] Embed Pods Frameworks";
			outputPaths = (
				"${TARGET_BUILD_DIR}/${FRAMEWORKS_FOLDER_PATH}/IBLinter.framework",
			);
			runOnlyForDeploymentPostprocessing = 0;
			shellPath = /bin/sh;
			shellScript = "\"${SRCROOT}/Pods/Target Support Files/Pods-ScriptsTest/Pods-ScriptsTest-frameworks.sh\"\n";
			showEnvVarsInLog = 0;
		};
		CEA09EED20ABFD6400A09D5B /* Swiftgen */ = {
			isa = PBXShellScriptBuildPhase;
			buildActionMask = 2147483647;
			files = (
			);
			inputPaths = (
			);
			name = Swiftgen;
			outputPaths = (
			);
			runOnlyForDeploymentPostprocessing = 0;
			shellPath = /bin/sh;
			shellScript = "/bin/sh ./Scripts/swiftgen.sh";
		};
		CEA09EEE20ABFD7F00A09D5B /* Swiftlint */ = {
			isa = PBXShellScriptBuildPhase;
			buildActionMask = 2147483647;
			files = (
			);
			inputPaths = (
			);
			name = Swiftlint;
			outputPaths = (
			);
			runOnlyForDeploymentPostprocessing = 0;
			shellPath = /bin/sh;
			shellScript = "/bin/sh ./Scripts/swiftlint.sh";
		};
		CEA09EF820AC016D00A09D5B /* IBLinter */ = {
			isa = PBXShellScriptBuildPhase;
			buildActionMask = 2147483647;
			files = (
			);
			inputPaths = (
			);
			name = IBLinter;
			outputPaths = (
			);
			runOnlyForDeploymentPostprocessing = 0;
			shellPath = /bin/sh;
			shellScript = "/bin/sh ./Scripts/iblinter.sh";
		};
		CEA09EFD20AC239200A09D5B /* IBAnalyzer */ = {
			isa = PBXShellScriptBuildPhase;
			buildActionMask = 2147483647;
			files = (
			);
			inputPaths = (
			);
			name = IBAnalyzer;
			outputPaths = (
			);
			runOnlyForDeploymentPostprocessing = 0;
			shellPath = /bin/sh;
			shellScript = "/bin/sh ./Scripts/ibanalyzer.sh";
		};
		CEA09EFE20AC369B00A09D5B /* unused */ = {
			isa = PBXShellScriptBuildPhase;
			buildActionMask = 2147483647;
			files = (
			);
			inputPaths = (
			);
			name = unused;
			outputPaths = (
			);
			runOnlyForDeploymentPostprocessing = 0;
			shellPath = /bin/sh;
			shellScript = "./Scripts/unused.rb xcode";
		};
		CEA09EFF20AC38D500A09D5B /* AbandonedStrings */ = {
			isa = PBXShellScriptBuildPhase;
			buildActionMask = 2147483647;
			files = (
			);
			inputPaths = (
			);
			name = AbandonedStrings;
			outputPaths = (
			);
			runOnlyForDeploymentPostprocessing = 0;
			shellPath = /bin/sh;
			shellScript = "/bin/sh ./Scripts/abandoned_strings.sh";
		};
/* End PBXShellScriptBuildPhase section */

/* Begin PBXSourcesBuildPhase section */
		CEA09ED220ABFC1A00A09D5B /* Sources */ = {
			isa = PBXSourcesBuildPhase;
			buildActionMask = 2147483647;
			files = (
				CEA09EDC20ABFC1A00A09D5B /* ViewController.swift in Sources */,
				CEA09EDA20ABFC1A00A09D5B /* AppDelegate.swift in Sources */,
				CEA09EF720AC003D00A09D5B /* L10n.swift in Sources */,
				CEA09EFC20AC04E100A09D5B /* SomeController.swift in Sources */,
			);
			runOnlyForDeploymentPostprocessing = 0;
		};
/* End PBXSourcesBuildPhase section */

/* Begin PBXVariantGroup section */
		CEA09EDD20ABFC1A00A09D5B /* Main.storyboard */ = {
			isa = PBXVariantGroup;
			children = (
				CEA09EDE20ABFC1A00A09D5B /* Base */,
			);
			name = Main.storyboard;
			sourceTree = "<group>";
		};
		CEA09EE220ABFC1C00A09D5B /* LaunchScreen.storyboard */ = {
			isa = PBXVariantGroup;
			children = (
				CEA09EE320ABFC1C00A09D5B /* Base */,
			);
			name = LaunchScreen.storyboard;
			sourceTree = "<group>";
		};
		CEA09EF320ABFF1D00A09D5B /* Localizable.strings */ = {
			isa = PBXVariantGroup;
			children = (
				CEA09EF220ABFF1D00A09D5B /* en */,
			);
			name = Localizable.strings;
			sourceTree = "<group>";
		};
/* End PBXVariantGroup section */

/* Begin XCBuildConfiguration section */
		CEA09EE620ABFC1C00A09D5B /* Debug */ = {
			isa = XCBuildConfiguration;
			buildSettings = {
				ALWAYS_SEARCH_USER_PATHS = NO;
				CLANG_ANALYZER_NONNULL = YES;
				CLANG_ANALYZER_NUMBER_OBJECT_CONVERSION = YES_AGGRESSIVE;
				CLANG_CXX_LANGUAGE_STANDARD = "gnu++14";
				CLANG_CXX_LIBRARY = "libc++";
				CLANG_ENABLE_MODULES = YES;
				CLANG_ENABLE_OBJC_ARC = YES;
				CLANG_ENABLE_OBJC_WEAK = YES;
				CLANG_WARN_BLOCK_CAPTURE_AUTORELEASING = YES;
				CLANG_WARN_BOOL_CONVERSION = YES;
				CLANG_WARN_COMMA = YES;
				CLANG_WARN_CONSTANT_CONVERSION = YES;
				CLANG_WARN_DEPRECATED_OBJC_IMPLEMENTATIONS = YES;
				CLANG_WARN_DIRECT_OBJC_ISA_USAGE = YES_ERROR;
				CLANG_WARN_DOCUMENTATION_COMMENTS = YES;
				CLANG_WARN_EMPTY_BODY = YES;
				CLANG_WARN_ENUM_CONVERSION = YES;
				CLANG_WARN_INFINITE_RECURSION = YES;
				CLANG_WARN_INT_CONVERSION = YES;
				CLANG_WARN_NON_LITERAL_NULL_CONVERSION = YES;
				CLANG_WARN_OBJC_IMPLICIT_RETAIN_SELF = YES;
				CLANG_WARN_OBJC_LITERAL_CONVERSION = YES;
				CLANG_WARN_OBJC_ROOT_CLASS = YES_ERROR;
				CLANG_WARN_RANGE_LOOP_ANALYSIS = YES;
				CLANG_WARN_STRICT_PROTOTYPES = YES;
				CLANG_WARN_SUSPICIOUS_MOVE = YES;
				CLANG_WARN_UNGUARDED_AVAILABILITY = YES_AGGRESSIVE;
				CLANG_WARN_UNREACHABLE_CODE = YES;
				CLANG_WARN__DUPLICATE_METHOD_MATCH = YES;
				CODE_SIGN_IDENTITY = "iPhone Developer";
				COPY_PHASE_STRIP = NO;
				DEBUG_INFORMATION_FORMAT = dwarf;
				ENABLE_STRICT_OBJC_MSGSEND = YES;
				ENABLE_TESTABILITY = YES;
				GCC_C_LANGUAGE_STANDARD = gnu11;
				GCC_DYNAMIC_NO_PIC = NO;
				GCC_NO_COMMON_BLOCKS = YES;
				GCC_OPTIMIZATION_LEVEL = 0;
				GCC_PREPROCESSOR_DEFINITIONS = (
					"DEBUG=1",
					"$(inherited)",
				);
				GCC_WARN_64_TO_32_BIT_CONVERSION = YES;
				GCC_WARN_ABOUT_RETURN_TYPE = YES_ERROR;
				GCC_WARN_UNDECLARED_SELECTOR = YES;
				GCC_WARN_UNINITIALIZED_AUTOS = YES_AGGRESSIVE;
				GCC_WARN_UNUSED_FUNCTION = YES;
				GCC_WARN_UNUSED_VARIABLE = YES;
				IPHONEOS_DEPLOYMENT_TARGET = 11.3;
				MTL_ENABLE_DEBUG_INFO = YES;
				ONLY_ACTIVE_ARCH = YES;
				SDKROOT = iphoneos;
				SWIFT_ACTIVE_COMPILATION_CONDITIONS = DEBUG;
				SWIFT_OPTIMIZATION_LEVEL = "-Onone";
			};
			name = Debug;
		};
		CEA09EE720ABFC1C00A09D5B /* Release */ = {
			isa = XCBuildConfiguration;
			buildSettings = {
				ALWAYS_SEARCH_USER_PATHS = NO;
				CLANG_ANALYZER_NONNULL = YES;
				CLANG_ANALYZER_NUMBER_OBJECT_CONVERSION = YES_AGGRESSIVE;
				CLANG_CXX_LANGUAGE_STANDARD = "gnu++14";
				CLANG_CXX_LIBRARY = "libc++";
				CLANG_ENABLE_MODULES = YES;
				CLANG_ENABLE_OBJC_ARC = YES;
				CLANG_ENABLE_OBJC_WEAK = YES;
				CLANG_WARN_BLOCK_CAPTURE_AUTORELEASING = YES;
				CLANG_WARN_BOOL_CONVERSION = YES;
				CLANG_WARN_COMMA = YES;
				CLANG_WARN_CONSTANT_CONVERSION = YES;
				CLANG_WARN_DEPRECATED_OBJC_IMPLEMENTATIONS = YES;
				CLANG_WARN_DIRECT_OBJC_ISA_USAGE = YES_ERROR;
				CLANG_WARN_DOCUMENTATION_COMMENTS = YES;
				CLANG_WARN_EMPTY_BODY = YES;
				CLANG_WARN_ENUM_CONVERSION = YES;
				CLANG_WARN_INFINITE_RECURSION = YES;
				CLANG_WARN_INT_CONVERSION = YES;
				CLANG_WARN_NON_LITERAL_NULL_CONVERSION = YES;
				CLANG_WARN_OBJC_IMPLICIT_RETAIN_SELF = YES;
				CLANG_WARN_OBJC_LITERAL_CONVERSION = YES;
				CLANG_WARN_OBJC_ROOT_CLASS = YES_ERROR;
				CLANG_WARN_RANGE_LOOP_ANALYSIS = YES;
				CLANG_WARN_STRICT_PROTOTYPES = YES;
				CLANG_WARN_SUSPICIOUS_MOVE = YES;
				CLANG_WARN_UNGUARDED_AVAILABILITY = YES_AGGRESSIVE;
				CLANG_WARN_UNREACHABLE_CODE = YES;
				CLANG_WARN__DUPLICATE_METHOD_MATCH = YES;
				CODE_SIGN_IDENTITY = "iPhone Developer";
				COPY_PHASE_STRIP = NO;
				DEBUG_INFORMATION_FORMAT = "dwarf-with-dsym";
				ENABLE_NS_ASSERTIONS = NO;
				ENABLE_STRICT_OBJC_MSGSEND = YES;
				GCC_C_LANGUAGE_STANDARD = gnu11;
				GCC_NO_COMMON_BLOCKS = YES;
				GCC_WARN_64_TO_32_BIT_CONVERSION = YES;
				GCC_WARN_ABOUT_RETURN_TYPE = YES_ERROR;
				GCC_WARN_UNDECLARED_SELECTOR = YES;
				GCC_WARN_UNINITIALIZED_AUTOS = YES_AGGRESSIVE;
				GCC_WARN_UNUSED_FUNCTION = YES;
				GCC_WARN_UNUSED_VARIABLE = YES;
				IPHONEOS_DEPLOYMENT_TARGET = 11.3;
				MTL_ENABLE_DEBUG_INFO = NO;
				SDKROOT = iphoneos;
				SWIFT_COMPILATION_MODE = wholemodule;
				SWIFT_OPTIMIZATION_LEVEL = "-O";
				VALIDATE_PRODUCT = YES;
			};
			name = Release;
		};
		CEA09EE920ABFC1C00A09D5B /* Debug */ = {
			isa = XCBuildConfiguration;
			baseConfigurationReference = 3EA5EA5D162C8C00EBEA7CB7 /* Pods-ScriptsTest.debug.xcconfig */;
			buildSettings = {
				ASSETCATALOG_COMPILER_APPICON_NAME = AppIcon;
				CODE_SIGN_STYLE = Automatic;
				INFOPLIST_FILE = "$(SRCROOT)/ScriptsTest/App/Info.plist";
				LD_RUNPATH_SEARCH_PATHS = (
					"$(inherited)",
					"@executable_path/Frameworks",
				);
				PRODUCT_BUNDLE_IDENTIFIER = com.by.ScriptsTest;
				PRODUCT_NAME = "$(TARGET_NAME)";
				SWIFT_VERSION = 4.0;
				TARGETED_DEVICE_FAMILY = "1,2";
			};
			name = Debug;
		};
		CEA09EEA20ABFC1C00A09D5B /* Release */ = {
			isa = XCBuildConfiguration;
			baseConfigurationReference = FE8C7758B81D1DB46E6BF639 /* Pods-ScriptsTest.release.xcconfig */;
			buildSettings = {
				ASSETCATALOG_COMPILER_APPICON_NAME = AppIcon;
				CODE_SIGN_STYLE = Automatic;
				INFOPLIST_FILE = "$(SRCROOT)/ScriptsTest/App/Info.plist";
				LD_RUNPATH_SEARCH_PATHS = (
					"$(inherited)",
					"@executable_path/Frameworks",
				);
				PRODUCT_BUNDLE_IDENTIFIER = com.by.ScriptsTest;
				PRODUCT_NAME = "$(TARGET_NAME)";
				SWIFT_VERSION = 4.0;
				TARGETED_DEVICE_FAMILY = "1,2";
			};
			name = Release;
		};
/* End XCBuildConfiguration section */

/* Begin XCConfigurationList section */
		CEA09ED120ABFC1A00A09D5B /* Build configuration list for PBXProject "ScriptsTest" */ = {
			isa = XCConfigurationList;
			buildConfigurations = (
				CEA09EE620ABFC1C00A09D5B /* Debug */,
				CEA09EE720ABFC1C00A09D5B /* Release */,
			);
			defaultConfigurationIsVisible = 0;
			defaultConfigurationName = Release;
		};
		CEA09EE820ABFC1C00A09D5B /* Build configuration list for PBXNativeTarget "ScriptsTest" */ = {
			isa = XCConfigurationList;
			buildConfigurations = (
				CEA09EE920ABFC1C00A09D5B /* Debug */,
				CEA09EEA20ABFC1C00A09D5B /* Release */,
			);
			defaultConfigurationIsVisible = 0;
			defaultConfigurationName = Release;
		};
/* End XCConfigurationList section */
	};
	rootObject = CEA09ECE20ABFC1A00A09D5B /* Project object */;
}
