// !$*UTF8*$!
{
	archiveVersion = 1;
	classes = {
	};
	objectVersion = 52;
	objects = {

/* Begin PBXBuildFile section */
		CEF0FA44237E8582007056AF /* AppDelegate.swift in Sources */ = {isa = PBXBuildFile; fileRef = CEF0FA43237E8582007056AF /* AppDelegate.swift */; };
		CEF0FA46237E8582007056AF /* SceneDelegate.swift in Sources */ = {isa = PBXBuildFile; fileRef = CEF0FA45237E8582007056AF /* SceneDelegate.swift */; };
		CEF0FA48237E8582007056AF /* ProductsListController.swift in Sources */ = {isa = PBXBuildFile; fileRef = CEF0FA47237E8582007056AF /* ProductsListController.swift */; };
		CEF0FA4B237E8582007056AF /* Main.storyboard in Resources */ = {isa = PBXBuildFile; fileRef = CEF0FA49237E8582007056AF /* Main.storyboard */; };
		CEF0FA4D237E8586007056AF /* Assets.xcassets in Resources */ = {isa = PBXBuildFile; fileRef = CEF0FA4C237E8586007056AF /* Assets.xcassets */; };
		CEF0FA50237E8586007056AF /* LaunchScreen.storyboard in Resources */ = {isa = PBXBuildFile; fileRef = CEF0FA4E237E8586007056AF /* LaunchScreen.storyboard */; };
		CEF0FA5A237E8859007056AF /* Alamofire in Frameworks */ = {isa = PBXBuildFile; productRef = CEF0FA59237E8859007056AF /* Alamofire */; };
		CEF0FA5D237E887F007056AF /* Kingfisher in Frameworks */ = {isa = PBXBuildFile; productRef = CEF0FA5C237E887F007056AF /* Kingfisher */; };
		CEF0FA60237E8F9E007056AF /* ImageTextCell.swift in Sources */ = {isa = PBXBuildFile; fileRef = CEF0FA5E237E8F9E007056AF /* ImageTextCell.swift */; };
		CEF0FA61237E8F9E007056AF /* ImageTextCell.xib in Resources */ = {isa = PBXBuildFile; fileRef = CEF0FA5F237E8F9E007056AF /* ImageTextCell.xib */; };
		CEF0FA64237E9E80007056AF /* ProductDetailController.swift in Sources */ = {isa = PBXBuildFile; fileRef = CEF0FA62237E9E80007056AF /* ProductDetailController.swift */; };
		CEF0FA65237E9E80007056AF /* ProductDetailController.xib in Resources */ = {isa = PBXBuildFile; fileRef = CEF0FA63237E9E80007056AF /* ProductDetailController.xib */; };
/* End PBXBuildFile section */

/* Begin PBXFileReference section */
		CEF0FA40237E8582007056AF /* ProductsList.app */ = {isa = PBXFileReference; explicitFileType = wrapper.application; includeInIndex = 0; path = ProductsList.app; sourceTree = BUILT_PRODUCTS_DIR; };
		CEF0FA43237E8582007056AF /* AppDelegate.swift */ = {isa = PBXFileReference; lastKnownFileType = sourcecode.swift; path = AppDelegate.swift; sourceTree = "<group>"; };
		CEF0FA45237E8582007056AF /* SceneDelegate.swift */ = {isa = PBXFileReference; lastKnownFileType = sourcecode.swift; path = SceneDelegate.swift; sourceTree = "<group>"; };
		CEF0FA47237E8582007056AF /* ProductsListController.swift */ = {isa = PBXFileReference; lastKnownFileType = sourcecode.swift; path = ProductsListController.swift; sourceTree = "<group>"; };
		CEF0FA4A237E8582007056AF /* Base */ = {isa = PBXFileReference; lastKnownFileType = file.storyboard; name = Base; path = Base.lproj/Main.storyboard; sourceTree = "<group>"; };
		CEF0FA4C237E8586007056AF /* Assets.xcassets */ = {isa = PBXFileReference; lastKnownFileType = folder.assetcatalog; path = Assets.xcassets; sourceTree = "<group>"; };
		CEF0FA4F237E8586007056AF /* Base */ = {isa = PBXFileReference; lastKnownFileType = file.storyboard; name = Base; path = Base.lproj/LaunchScreen.storyboard; sourceTree = "<group>"; };
		CEF0FA51237E8586007056AF /* Info.plist */ = {isa = PBXFileReference; lastKnownFileType = text.plist.xml; path = Info.plist; sourceTree = "<group>"; };
		CEF0FA57237E8698007056AF /* ProductsList.entitlements */ = {isa = PBXFileReference; lastKnownFileType = text.plist.entitlements; path = ProductsList.entitlements; sourceTree = "<group>"; };
		CEF0FA5E237E8F9E007056AF /* ImageTextCell.swift */ = {isa = PBXFileReference; lastKnownFileType = sourcecode.swift; path = ImageTextCell.swift; sourceTree = "<group>"; };
		CEF0FA5F237E8F9E007056AF /* ImageTextCell.xib */ = {isa = PBXFileReference; lastKnownFileType = file.xib; path = ImageTextCell.xib; sourceTree = "<group>"; };
		CEF0FA62237E9E80007056AF /* ProductDetailController.swift */ = {isa = PBXFileReference; lastKnownFileType = sourcecode.swift; path = ProductDetailController.swift; sourceTree = "<group>"; };
		CEF0FA63237E9E80007056AF /* ProductDetailController.xib */ = {isa = PBXFileReference; lastKnownFileType = file.xib; path = ProductDetailController.xib; sourceTree = "<group>"; };
/* End PBXFileReference section */

/* Begin PBXFrameworksBuildPhase section */
		CEF0FA3D237E8582007056AF /* Frameworks */ = {
			isa = PBXFrameworksBuildPhase;
			buildActionMask = 2147483647;
			files = (
				CEF0FA5D237E887F007056AF /* Kingfisher in Frameworks */,
				CEF0FA5A237E8859007056AF /* Alamofire in Frameworks */,
			);
			runOnlyForDeploymentPostprocessing = 0;
		};
/* End PBXFrameworksBuildPhase section */

/* Begin PBXGroup section */
		CEF0FA37237E8582007056AF = {
			isa = PBXGroup;
			children = (
				CEF0FA42237E8582007056AF /* ProductsList */,
				CEF0FA41237E8582007056AF /* Products */,
			);
			sourceTree = "<group>";
		};
		CEF0FA41237E8582007056AF /* Products */ = {
			isa = PBXGroup;
			children = (
				CEF0FA40237E8582007056AF /* ProductsList.app */,
			);
			name = Products;
			sourceTree = "<group>";
		};
		CEF0FA42237E8582007056AF /* ProductsList */ = {
			isa = PBXGroup;
			children = (
				CEF0FA57237E8698007056AF /* ProductsList.entitlements */,
				CEF0FA43237E8582007056AF /* AppDelegate.swift */,
				CEF0FA45237E8582007056AF /* SceneDelegate.swift */,
				CEF0FA47237E8582007056AF /* ProductsListController.swift */,
				CEF0FA62237E9E80007056AF /* ProductDetailController.swift */,
				CEF0FA63237E9E80007056AF /* ProductDetailController.xib */,
				CEF0FA5E237E8F9E007056AF /* ImageTextCell.swift */,
				CEF0FA5F237E8F9E007056AF /* ImageTextCell.xib */,
				CEF0FA49237E8582007056AF /* Main.storyboard */,
				CEF0FA4C237E8586007056AF /* Assets.xcassets */,
				CEF0FA4E237E8586007056AF /* LaunchScreen.storyboard */,
				CEF0FA51237E8586007056AF /* Info.plist */,
			);
			path = ProductsList;
			sourceTree = "<group>";
		};
/* End PBXGroup section */

/* Begin PBXNativeTarget section */
		CEF0FA3F237E8582007056AF /* ProductsList */ = {
			isa = PBXNativeTarget;
			buildConfigurationList = CEF0FA54237E8586007056AF /* Build configuration list for PBXNativeTarget "ProductsList" */;
			buildPhases = (
				CEF0FA3C237E8582007056AF /* Sources */,
				CEF0FA3D237E8582007056AF /* Frameworks */,
				CEF0FA3E237E8582007056AF /* Resources */,
			);
			buildRules = (
			);
			dependencies = (
			);
			name = ProductsList;
			packageProductDependencies = (
				CEF0FA59237E8859007056AF /* Alamofire */,
				CEF0FA5C237E887F007056AF /* Kingfisher */,
			);
			productName = ProductsList;
			productReference = CEF0FA40237E8582007056AF /* ProductsList.app */;
			productType = "com.apple.product-type.application";
		};
/* End PBXNativeTarget section */

/* Begin PBXProject section */
		CEF0FA38237E8582007056AF /* Project object */ = {
			isa = PBXProject;
			attributes = {
				LastSwiftUpdateCheck = 1100;
				LastUpgradeCheck = 1100;
				ORGANIZATIONNAME = "Bondar Yaroslav";
				TargetAttributes = {
					CEF0FA3F237E8582007056AF = {
						CreatedOnToolsVersion = 11.0;
					};
				};
			};
			buildConfigurationList = CEF0FA3B237E8582007056AF /* Build configuration list for PBXProject "ProductsList" */;
			compatibilityVersion = "Xcode 9.3";
			developmentRegion = en;
			hasScannedForEncodings = 0;
			knownRegions = (
				en,
				Base,
			);
			mainGroup = CEF0FA37237E8582007056AF;
			packageReferences = (
				CEF0FA58237E8859007056AF /* XCRemoteSwiftPackageReference "Alamofire" */,
				CEF0FA5B237E887F007056AF /* XCRemoteSwiftPackageReference "Kingfisher" */,
			);
			productRefGroup = CEF0FA41237E8582007056AF /* Products */;
			projectDirPath = "";
			projectRoot = "";
			targets = (
				CEF0FA3F237E8582007056AF /* ProductsList */,
			);
		};
/* End PBXProject section */

/* Begin PBXResourcesBuildPhase section */
		CEF0FA3E237E8582007056AF /* Resources */ = {
			isa = PBXResourcesBuildPhase;
			buildActionMask = 2147483647;
			files = (
				CEF0FA50237E8586007056AF /* LaunchScreen.storyboard in Resources */,
				CEF0FA65237E9E80007056AF /* ProductDetailController.xib in Resources */,
				CEF0FA4D237E8586007056AF /* Assets.xcassets in Resources */,
				CEF0FA61237E8F9E007056AF /* ImageTextCell.xib in Resources */,
				CEF0FA4B237E8582007056AF /* Main.storyboard in Resources */,
			);
			runOnlyForDeploymentPostprocessing = 0;
		};
/* End PBXResourcesBuildPhase section */

/* Begin PBXSourcesBuildPhase section */
		CEF0FA3C237E8582007056AF /* Sources */ = {
			isa = PBXSourcesBuildPhase;
			buildActionMask = 2147483647;
			files = (
				CEF0FA48237E8582007056AF /* ProductsListController.swift in Sources */,
				CEF0FA44237E8582007056AF /* AppDelegate.swift in Sources */,
				CEF0FA60237E8F9E007056AF /* ImageTextCell.swift in Sources */,
				CEF0FA64237E9E80007056AF /* ProductDetailController.swift in Sources */,
				CEF0FA46237E8582007056AF /* SceneDelegate.swift in Sources */,
			);
			runOnlyForDeploymentPostprocessing = 0;
		};
/* End PBXSourcesBuildPhase section */

/* Begin PBXVariantGroup section */
		CEF0FA49237E8582007056AF /* Main.storyboard */ = {
			isa = PBXVariantGroup;
			children = (
				CEF0FA4A237E8582007056AF /* Base */,
			);
			name = Main.storyboard;
			sourceTree = "<group>";
		};
		CEF0FA4E237E8586007056AF /* LaunchScreen.storyboard */ = {
			isa = PBXVariantGroup;
			children = (
				CEF0FA4F237E8586007056AF /* Base */,
			);
			name = LaunchScreen.storyboard;
			sourceTree = "<group>";
		};
/* End PBXVariantGroup section */

/* Begin XCBuildConfiguration section */
		CEF0FA52237E8586007056AF /* Debug */ = {
			isa = XCBuildConfiguration;
			buildSettings = {
				ALWAYS_SEARCH_USER_PATHS = NO;
				CLANG_ANALYZER_NONNULL = YES;
				CLANG_ANALYZER_NUMBER_OBJECT_CONVERSION = YES_AGGRESSIVE;
				CLANG_CXX_LANGUAGE_STANDARD = "gnu++14";
				CLANG_CXX_LIBRARY = "libc++";
				CLANG_ENABLE_MODULES = YES;
				CLANG_ENABLE_OBJC_ARC = YES;
				CLANG_ENABLE_OBJC_WEAK = YES;
				CLANG_WARN_BLOCK_CAPTURE_AUTORELEASING = YES;
				CLANG_WARN_BOOL_CONVERSION = YES;
				CLANG_WARN_COMMA = YES;
				CLANG_WARN_CONSTANT_CONVERSION = YES;
				CLANG_WARN_DEPRECATED_OBJC_IMPLEMENTATIONS = YES;
				CLANG_WARN_DIRECT_OBJC_ISA_USAGE = YES_ERROR;
				CLANG_WARN_DOCUMENTATION_COMMENTS = YES;
				CLANG_WARN_EMPTY_BODY = YES;
				CLANG_WARN_ENUM_CONVERSION = YES;
				CLANG_WARN_INFINITE_RECURSION = YES;
				CLANG_WARN_INT_CONVERSION = YES;
				CLANG_WARN_NON_LITERAL_NULL_CONVERSION = YES;
				CLANG_WARN_OBJC_IMPLICIT_RETAIN_SELF = YES;
				CLANG_WARN_OBJC_LITERAL_CONVERSION = YES;
				CLANG_WARN_OBJC_ROOT_CLASS = YES_ERROR;
				CLANG_WARN_RANGE_LOOP_ANALYSIS = YES;
				CLANG_WARN_STRICT_PROTOTYPES = YES;
				CLANG_WARN_SUSPICIOUS_MOVE = YES;
				CLANG_WARN_UNGUARDED_AVAILABILITY = YES_AGGRESSIVE;
				CLANG_WARN_UNREACHABLE_CODE = YES;
				CLANG_WARN__DUPLICATE_METHOD_MATCH = YES;
				COPY_PHASE_STRIP = NO;
				DEBUG_INFORMATION_FORMAT = dwarf;
				ENABLE_STRICT_OBJC_MSGSEND = YES;
				ENABLE_TESTABILITY = YES;
				GCC_C_LANGUAGE_STANDARD = gnu11;
				GCC_DYNAMIC_NO_PIC = NO;
				GCC_NO_COMMON_BLOCKS = YES;
				GCC_OPTIMIZATION_LEVEL = 0;
				GCC_PREPROCESSOR_DEFINITIONS = (
					"DEBUG=1",
					"$(inherited)",
				);
				GCC_WARN_64_TO_32_BIT_CONVERSION = YES;
				GCC_WARN_ABOUT_RETURN_TYPE = YES_ERROR;
				GCC_WARN_UNDECLARED_SELECTOR = YES;
				GCC_WARN_UNINITIALIZED_AUTOS = YES_AGGRESSIVE;
				GCC_WARN_UNUSED_FUNCTION = YES;
				GCC_WARN_UNUSED_VARIABLE = YES;
				IPHONEOS_DEPLOYMENT_TARGET = 13.0;
				MTL_ENABLE_DEBUG_INFO = INCLUDE_SOURCE;
				MTL_FAST_MATH = YES;
				ONLY_ACTIVE_ARCH = YES;
				SDKROOT = iphoneos;
				SWIFT_ACTIVE_COMPILATION_CONDITIONS = DEBUG;
				SWIFT_OPTIMIZATION_LEVEL = "-Onone";
			};
			name = Debug;
		};
		CEF0FA53237E8586007056AF /* Release */ = {
			isa = XCBuildConfiguration;
			buildSettings = {
				ALWAYS_SEARCH_USER_PATHS = NO;
				CLANG_ANALYZER_NONNULL = YES;
				CLANG_ANALYZER_NUMBER_OBJECT_CONVERSION = YES_AGGRESSIVE;
				CLANG_CXX_LANGUAGE_STANDARD = "gnu++14";
				CLANG_CXX_LIBRARY = "libc++";
				CLANG_ENABLE_MODULES = YES;
				CLANG_ENABLE_OBJC_ARC = YES;
				CLANG_ENABLE_OBJC_WEAK = YES;
				CLANG_WARN_BLOCK_CAPTURE_AUTORELEASING = YES;
				CLANG_WARN_BOOL_CONVERSION = YES;
				CLANG_WARN_COMMA = YES;
				CLANG_WARN_CONSTANT_CONVERSION = YES;
				CLANG_WARN_DEPRECATED_OBJC_IMPLEMENTATIONS = YES;
				CLANG_WARN_DIRECT_OBJC_ISA_USAGE = YES_ERROR;
				CLANG_WARN_DOCUMENTATION_COMMENTS = YES;
				CLANG_WARN_EMPTY_BODY = YES;
				CLANG_WARN_ENUM_CONVERSION = YES;
				CLANG_WARN_INFINITE_RECURSION = YES;
				CLANG_WARN_INT_CONVERSION = YES;
				CLANG_WARN_NON_LITERAL_NULL_CONVERSION = YES;
				CLANG_WARN_OBJC_IMPLICIT_RETAIN_SELF = YES;
				CLANG_WARN_OBJC_LITERAL_CONVERSION = YES;
				CLANG_WARN_OBJC_ROOT_CLASS = YES_ERROR;
				CLANG_WARN_RANGE_LOOP_ANALYSIS = YES;
				CLANG_WARN_STRICT_PROTOTYPES = YES;
				CLANG_WARN_SUSPICIOUS_MOVE = YES;
				CLANG_WARN_UNGUARDED_AVAILABILITY = YES_AGGRESSIVE;
				CLANG_WARN_UNREACHABLE_CODE = YES;
				CLANG_WARN__DUPLICATE_METHOD_MATCH = YES;
				COPY_PHASE_STRIP = NO;
				DEBUG_INFORMATION_FORMAT = "dwarf-with-dsym";
				ENABLE_NS_ASSERTIONS = NO;
				ENABLE_STRICT_OBJC_MSGSEND = YES;
				GCC_C_LANGUAGE_STANDARD = gnu11;
				GCC_NO_COMMON_BLOCKS = YES;
				GCC_WARN_64_TO_32_BIT_CONVERSION = YES;
				GCC_WARN_ABOUT_RETURN_TYPE = YES_ERROR;
				GCC_WARN_UNDECLARED_SELECTOR = YES;
				GCC_WARN_UNINITIALIZED_AUTOS = YES_AGGRESSIVE;
				GCC_WARN_UNUSED_FUNCTION = YES;
				GCC_WARN_UNUSED_VARIABLE = YES;
				IPHONEOS_DEPLOYMENT_TARGET = 13.0;
				MTL_ENABLE_DEBUG_INFO = NO;
				MTL_FAST_MATH = YES;
				SDKROOT = iphoneos;
				SWIFT_COMPILATION_MODE = wholemodule;
				SWIFT_OPTIMIZATION_LEVEL = "-O";
				VALIDATE_PRODUCT = YES;
			};
			name = Release;
		};
		CEF0FA55237E8586007056AF /* Debug */ = {
			isa = XCBuildConfiguration;
			buildSettings = {
				ASSETCATALOG_COMPILER_APPICON_NAME = AppIcon;
				CODE_SIGN_ENTITLEMENTS = ProductsList/ProductsList.entitlements;
				"CODE_SIGN_IDENTITY[sdk=macosx*]" = "-";
				CODE_SIGN_STYLE = Automatic;
				DERIVE_MACCATALYST_PRODUCT_BUNDLE_IDENTIFIER = YES;
				INFOPLIST_FILE = ProductsList/Info.plist;
				LD_RUNPATH_SEARCH_PATHS = (
					"$(inherited)",
					"@executable_path/Frameworks",
				);
				PRODUCT_BUNDLE_IDENTIFIER = com.by.ProductsList;
				PRODUCT_NAME = "$(TARGET_NAME)";
				SUPPORTS_MACCATALYST = YES;
				SWIFT_VERSION = 5.0;
				TARGETED_DEVICE_FAMILY = "1,2";
			};
			name = Debug;
		};
		CEF0FA56237E8586007056AF /* Release */ = {
			isa = XCBuildConfiguration;
			buildSettings = {
				ASSETCATALOG_COMPILER_APPICON_NAME = AppIcon;
				CODE_SIGN_ENTITLEMENTS = ProductsList/ProductsList.entitlements;
				"CODE_SIGN_IDENTITY[sdk=macosx*]" = "-";
				CODE_SIGN_STYLE = Automatic;
				DERIVE_MACCATALYST_PRODUCT_BUNDLE_IDENTIFIER = YES;
				INFOPLIST_FILE = ProductsList/Info.plist;
				LD_RUNPATH_SEARCH_PATHS = (
					"$(inherited)",
					"@executable_path/Frameworks",
				);
				PRODUCT_BUNDLE_IDENTIFIER = com.by.ProductsList;
				PRODUCT_NAME = "$(TARGET_NAME)";
				SUPPORTS_MACCATALYST = YES;
				SWIFT_VERSION = 5.0;
				TARGETED_DEVICE_FAMILY = "1,2";
			};
			name = Release;
		};
/* End XCBuildConfiguration section */

/* Begin XCConfigurationList section */
		CEF0FA3B237E8582007056AF /* Build configuration list for PBXProject "ProductsList" */ = {
			isa = XCConfigurationList;
			buildConfigurations = (
				CEF0FA52237E8586007056AF /* Debug */,
				CEF0FA53237E8586007056AF /* Release */,
			);
			defaultConfigurationIsVisible = 0;
			defaultConfigurationName = Release;
		};
		CEF0FA54237E8586007056AF /* Build configuration list for PBXNativeTarget "ProductsList" */ = {
			isa = XCConfigurationList;
			buildConfigurations = (
				CEF0FA55237E8586007056AF /* Debug */,
				CEF0FA56237E8586007056AF /* Release */,
			);
			defaultConfigurationIsVisible = 0;
			defaultConfigurationName = Release;
		};
/* End XCConfigurationList section */

/* Begin XCRemoteSwiftPackageReference section */
		CEF0FA58237E8859007056AF /* XCRemoteSwiftPackageReference "Alamofire" */ = {
			isa = XCRemoteSwiftPackageReference;
			repositoryURL = "https://github.com/Alamofire/Alamofire.git";
			requirement = {
				kind = exactVersion;
				version = "5.0.0-rc.2";
			};
		};
		CEF0FA5B237E887F007056AF /* XCRemoteSwiftPackageReference "Kingfisher" */ = {
			isa = XCRemoteSwiftPackageReference;
			repositoryURL = "https://github.com/onevcat/Kingfisher.git";
			requirement = {
				kind = upToNextMajorVersion;
				minimumVersion = 5.9.0;
			};
		};
/* End XCRemoteSwiftPackageReference section */

/* Begin XCSwiftPackageProductDependency section */
		CEF0FA59237E8859007056AF /* Alamofire */ = {
			isa = XCSwiftPackageProductDependency;
			package = CEF0FA58237E8859007056AF /* XCRemoteSwiftPackageReference "Alamofire" */;
			productName = Alamofire;
		};
		CEF0FA5C237E887F007056AF /* Kingfisher */ = {
			isa = XCSwiftPackageProductDependency;
			package = CEF0FA5B237E887F007056AF /* XCRemoteSwiftPackageReference "Kingfisher" */;
			productName = Kingfisher;
		};
/* End XCSwiftPackageProductDependency section */
	};
	rootObject = CEF0FA38237E8582007056AF /* Project object */;
}
