// !$*UTF8*$!
{
	archiveVersion = 1;
	classes = {
	};
	objectVersion = 50;
	objects = {

/* Begin PBXBuildFile section */
		CE59CBFA2446C8C400D1931D /* AppDelegate.swift in Sources */ = {isa = PBXBuildFile; fileRef = CE59CBF92446C8C400D1931D /* AppDelegate.swift */; };
		CE59CBFC2446C8C400D1931D /* SceneDelegate.swift in Sources */ = {isa = PBXBuildFile; fileRef = CE59CBFB2446C8C400D1931D /* SceneDelegate.swift */; };
		CE59CBFE2446C8C400D1931D /* ViewController.swift in Sources */ = {isa = PBXBuildFile; fileRef = CE59CBFD2446C8C400D1931D /* ViewController.swift */; };
		CE59CC012446C8C400D1931D /* Main.storyboard in Resources */ = {isa = PBXBuildFile; fileRef = CE59CBFF2446C8C400D1931D /* Main.storyboard */; };
		CE59CC032446C8C700D1931D /* Assets.xcassets in Resources */ = {isa = PBXBuildFile; fileRef = CE59CC022446C8C700D1931D /* Assets.xcassets */; };
		CE59CC062446C8C700D1931D /* LaunchScreen.storyboard in Resources */ = {isa = PBXBuildFile; fileRef = CE59CC042446C8C700D1931D /* LaunchScreen.storyboard */; };
		CEF2902D24473E0100FB78FC /* DocumentScanner.swift in Sources */ = {isa = PBXBuildFile; fileRef = CEF2902C24473E0100FB78FC /* DocumentScanner.swift */; };
		CEF2902F24473E5600FB78FC /* OCRManager.swift in Sources */ = {isa = PBXBuildFile; fileRef = CEF2902E24473E5600FB78FC /* OCRManager.swift */; };
/* End PBXBuildFile section */

/* Begin PBXFileReference section */
		CE59CBF62446C8C400D1931D /* OCRManager.app */ = {isa = PBXFileReference; explicitFileType = wrapper.application; includeInIndex = 0; path = OCRManager.app; sourceTree = BUILT_PRODUCTS_DIR; };
		CE59CBF92446C8C400D1931D /* AppDelegate.swift */ = {isa = PBXFileReference; lastKnownFileType = sourcecode.swift; path = AppDelegate.swift; sourceTree = "<group>"; };
		CE59CBFB2446C8C400D1931D /* SceneDelegate.swift */ = {isa = PBXFileReference; lastKnownFileType = sourcecode.swift; path = SceneDelegate.swift; sourceTree = "<group>"; };
		CE59CBFD2446C8C400D1931D /* ViewController.swift */ = {isa = PBXFileReference; lastKnownFileType = sourcecode.swift; path = ViewController.swift; sourceTree = "<group>"; };
		CE59CC002446C8C400D1931D /* Base */ = {isa = PBXFileReference; lastKnownFileType = file.storyboard; name = Base; path = Base.lproj/Main.storyboard; sourceTree = "<group>"; };
		CE59CC022446C8C700D1931D /* Assets.xcassets */ = {isa = PBXFileReference; lastKnownFileType = folder.assetcatalog; path = Assets.xcassets; sourceTree = "<group>"; };
		CE59CC052446C8C700D1931D /* Base */ = {isa = PBXFileReference; lastKnownFileType = file.storyboard; name = Base; path = Base.lproj/LaunchScreen.storyboard; sourceTree = "<group>"; };
		CE59CC072446C8C700D1931D /* Info.plist */ = {isa = PBXFileReference; lastKnownFileType = text.plist.xml; path = Info.plist; sourceTree = "<group>"; };
		CEF2902C24473E0100FB78FC /* DocumentScanner.swift */ = {isa = PBXFileReference; lastKnownFileType = sourcecode.swift; path = DocumentScanner.swift; sourceTree = "<group>"; };
		CEF2902E24473E5600FB78FC /* OCRManager.swift */ = {isa = PBXFileReference; lastKnownFileType = sourcecode.swift; path = OCRManager.swift; sourceTree = "<group>"; };
/* End PBXFileReference section */

/* Begin PBXFrameworksBuildPhase section */
		CE59CBF32446C8C400D1931D /* Frameworks */ = {
			isa = PBXFrameworksBuildPhase;
			buildActionMask = 2147483647;
			files = (
			);
			runOnlyForDeploymentPostprocessing = 0;
		};
/* End PBXFrameworksBuildPhase section */

/* Begin PBXGroup section */
		CE59CBED2446C8C400D1931D = {
			isa = PBXGroup;
			children = (
				CE59CBF82446C8C400D1931D /* OCRManager */,
				CE59CBF72446C8C400D1931D /* Products */,
			);
			sourceTree = "<group>";
		};
		CE59CBF72446C8C400D1931D /* Products */ = {
			isa = PBXGroup;
			children = (
				CE59CBF62446C8C400D1931D /* OCRManager.app */,
			);
			name = Products;
			sourceTree = "<group>";
		};
		CE59CBF82446C8C400D1931D /* OCRManager */ = {
			isa = PBXGroup;
			children = (
				CE59CBF92446C8C400D1931D /* AppDelegate.swift */,
				CE59CBFB2446C8C400D1931D /* SceneDelegate.swift */,
				CE59CBFD2446C8C400D1931D /* ViewController.swift */,
				CEF2902C24473E0100FB78FC /* DocumentScanner.swift */,
				CEF2902E24473E5600FB78FC /* OCRManager.swift */,
				CE59CBFF2446C8C400D1931D /* Main.storyboard */,
				CE59CC022446C8C700D1931D /* Assets.xcassets */,
				CE59CC042446C8C700D1931D /* LaunchScreen.storyboard */,
				CE59CC072446C8C700D1931D /* Info.plist */,
			);
			path = OCRManager;
			sourceTree = "<group>";
		};
/* End PBXGroup section */

/* Begin PBXNativeTarget section */
		CE59CBF52446C8C400D1931D /* OCRManager */ = {
			isa = PBXNativeTarget;
			buildConfigurationList = CE59CC0A2446C8C700D1931D /* Build configuration list for PBXNativeTarget "OCRManager" */;
			buildPhases = (
				CE59CBF22446C8C400D1931D /* Sources */,
				CE59CBF32446C8C400D1931D /* Frameworks */,
				CE59CBF42446C8C400D1931D /* Resources */,
			);
			buildRules = (
			);
			dependencies = (
			);
			name = OCRManager;
			productName = OCRManager;
			productReference = CE59CBF62446C8C400D1931D /* OCRManager.app */;
			productType = "com.apple.product-type.application";
		};
/* End PBXNativeTarget section */

/* Begin PBXProject section */
		CE59CBEE2446C8C400D1931D /* Project object */ = {
			isa = PBXProject;
			attributes = {
				LastSwiftUpdateCheck = 1130;
				LastUpgradeCheck = 1130;
				ORGANIZATIONNAME = "Bondar Yaroslav";
				TargetAttributes = {
					CE59CBF52446C8C400D1931D = {
						CreatedOnToolsVersion = 11.3.1;
					};
				};
			};
			buildConfigurationList = CE59CBF12446C8C400D1931D /* Build configuration list for PBXProject "OCRManager" */;
			compatibilityVersion = "Xcode 9.3";
			developmentRegion = en;
			hasScannedForEncodings = 0;
			knownRegions = (
				en,
				Base,
			);
			mainGroup = CE59CBED2446C8C400D1931D;
			productRefGroup = CE59CBF72446C8C400D1931D /* Products */;
			projectDirPath = "";
			projectRoot = "";
			targets = (
				CE59CBF52446C8C400D1931D /* OCRManager */,
			);
		};
/* End PBXProject section */

/* Begin PBXResourcesBuildPhase section */
		CE59CBF42446C8C400D1931D /* Resources */ = {
			isa = PBXResourcesBuildPhase;
			buildActionMask = 2147483647;
			files = (
				CE59CC062446C8C700D1931D /* LaunchScreen.storyboard in Resources */,
				CE59CC032446C8C700D1931D /* Assets.xcassets in Resources */,
				CE59CC012446C8C400D1931D /* Main.storyboard in Resources */,
			);
			runOnlyForDeploymentPostprocessing = 0;
		};
/* End PBXResourcesBuildPhase section */

/* Begin PBXSourcesBuildPhase section */
		CE59CBF22446C8C400D1931D /* Sources */ = {
			isa = PBXSourcesBuildPhase;
			buildActionMask = 2147483647;
			files = (
				CE59CBFE2446C8C400D1931D /* ViewController.swift in Sources */,
				CEF2902F24473E5600FB78FC /* OCRManager.swift in Sources */,
				CEF2902D24473E0100FB78FC /* DocumentScanner.swift in Sources */,
				CE59CBFA2446C8C400D1931D /* AppDelegate.swift in Sources */,
				CE59CBFC2446C8C400D1931D /* SceneDelegate.swift in Sources */,
			);
			runOnlyForDeploymentPostprocessing = 0;
		};
/* End PBXSourcesBuildPhase section */

/* Begin PBXVariantGroup section */
		CE59CBFF2446C8C400D1931D /* Main.storyboard */ = {
			isa = PBXVariantGroup;
			children = (
				CE59CC002446C8C400D1931D /* Base */,
			);
			name = Main.storyboard;
			sourceTree = "<group>";
		};
		CE59CC042446C8C700D1931D /* LaunchScreen.storyboard */ = {
			isa = PBXVariantGroup;
			children = (
				CE59CC052446C8C700D1931D /* Base */,
			);
			name = LaunchScreen.storyboard;
			sourceTree = "<group>";
		};
/* End PBXVariantGroup section */

/* Begin XCBuildConfiguration section */
		CE59CC082446C8C700D1931D /* Debug */ = {
			isa = XCBuildConfiguration;
			buildSettings = {
				ALWAYS_SEARCH_USER_PATHS = NO;
				CLANG_ANALYZER_NONNULL = YES;
				CLANG_ANALYZER_NUMBER_OBJECT_CONVERSION = YES_AGGRESSIVE;
				CLANG_CXX_LANGUAGE_STANDARD = "gnu++14";
				CLANG_CXX_LIBRARY = "libc++";
				CLANG_ENABLE_MODULES = YES;
				CLANG_ENABLE_OBJC_ARC = YES;
				CLANG_ENABLE_OBJC_WEAK = YES;
				CLANG_WARN_BLOCK_CAPTURE_AUTORELEASING = YES;
				CLANG_WARN_BOOL_CONVERSION = YES;
				CLANG_WARN_COMMA = YES;
				CLANG_WARN_CONSTANT_CONVERSION = YES;
				CLANG_WARN_DEPRECATED_OBJC_IMPLEMENTATIONS = YES;
				CLANG_WARN_DIRECT_OBJC_ISA_USAGE = YES_ERROR;
				CLANG_WARN_DOCUMENTATION_COMMENTS = YES;
				CLANG_WARN_EMPTY_BODY = YES;
				CLANG_WARN_ENUM_CONVERSION = YES;
				CLANG_WARN_INFINITE_RECURSION = YES;
				CLANG_WARN_INT_CONVERSION = YES;
				CLANG_WARN_NON_LITERAL_NULL_CONVERSION = YES;
				CLANG_WARN_OBJC_IMPLICIT_RETAIN_SELF = YES;
				CLANG_WARN_OBJC_LITERAL_CONVERSION = YES;
				CLANG_WARN_OBJC_ROOT_CLASS = YES_ERROR;
				CLANG_WARN_RANGE_LOOP_ANALYSIS = YES;
				CLANG_WARN_STRICT_PROTOTYPES = YES;
				CLANG_WARN_SUSPICIOUS_MOVE = YES;
				CLANG_WARN_UNGUARDED_AVAILABILITY = YES_AGGRESSIVE;
				CLANG_WARN_UNREACHABLE_CODE = YES;
				CLANG_WARN__DUPLICATE_METHOD_MATCH = YES;
				COPY_PHASE_STRIP = NO;
				DEBUG_INFORMATION_FORMAT = dwarf;
				ENABLE_STRICT_OBJC_MSGSEND = YES;
				ENABLE_TESTABILITY = YES;
				GCC_C_LANGUAGE_STANDARD = gnu11;
				GCC_DYNAMIC_NO_PIC = NO;
				GCC_NO_COMMON_BLOCKS = YES;
				GCC_OPTIMIZATION_LEVEL = 0;
				GCC_PREPROCESSOR_DEFINITIONS = (
					"DEBUG=1",
					"$(inherited)",
				);
				GCC_WARN_64_TO_32_BIT_CONVERSION = YES;
				GCC_WARN_ABOUT_RETURN_TYPE = YES_ERROR;
				GCC_WARN_UNDECLARED_SELECTOR = YES;
				GCC_WARN_UNINITIALIZED_AUTOS = YES_AGGRESSIVE;
				GCC_WARN_UNUSED_FUNCTION = YES;
				GCC_WARN_UNUSED_VARIABLE = YES;
				IPHONEOS_DEPLOYMENT_TARGET = 13.2;
				MTL_ENABLE_DEBUG_INFO = INCLUDE_SOURCE;
				MTL_FAST_MATH = YES;
				ONLY_ACTIVE_ARCH = YES;
				SDKROOT = iphoneos;
				SWIFT_ACTIVE_COMPILATION_CONDITIONS = DEBUG;
				SWIFT_OPTIMIZATION_LEVEL = "-Onone";
			};
			name = Debug;
		};
		CE59CC092446C8C700D1931D /* Release */ = {
			isa = XCBuildConfiguration;
			buildSettings = {
				ALWAYS_SEARCH_USER_PATHS = NO;
				CLANG_ANALYZER_NONNULL = YES;
				CLANG_ANALYZER_NUMBER_OBJECT_CONVERSION = YES_AGGRESSIVE;
				CLANG_CXX_LANGUAGE_STANDARD = "gnu++14";
				CLANG_CXX_LIBRARY = "libc++";
				CLANG_ENABLE_MODULES = YES;
				CLANG_ENABLE_OBJC_ARC = YES;
				CLANG_ENABLE_OBJC_WEAK = YES;
				CLANG_WARN_BLOCK_CAPTURE_AUTORELEASING = YES;
				CLANG_WARN_BOOL_CONVERSION = YES;
				CLANG_WARN_COMMA = YES;
				CLANG_WARN_CONSTANT_CONVERSION = YES;
				CLANG_WARN_DEPRECATED_OBJC_IMPLEMENTATIONS = YES;
				CLANG_WARN_DIRECT_OBJC_ISA_USAGE = YES_ERROR;
				CLANG_WARN_DOCUMENTATION_COMMENTS = YES;
				CLANG_WARN_EMPTY_BODY = YES;
				CLANG_WARN_ENUM_CONVERSION = YES;
				CLANG_WARN_INFINITE_RECURSION = YES;
				CLANG_WARN_INT_CONVERSION = YES;
				CLANG_WARN_NON_LITERAL_NULL_CONVERSION = YES;
				CLANG_WARN_OBJC_IMPLICIT_RETAIN_SELF = YES;
				CLANG_WARN_OBJC_LITERAL_CONVERSION = YES;
				CLANG_WARN_OBJC_ROOT_CLASS = YES_ERROR;
				CLANG_WARN_RANGE_LOOP_ANALYSIS = YES;
				CLANG_WARN_STRICT_PROTOTYPES = YES;
				CLANG_WARN_SUSPICIOUS_MOVE = YES;
				CLANG_WARN_UNGUARDED_AVAILABILITY = YES_AGGRESSIVE;
				CLANG_WARN_UNREACHABLE_CODE = YES;
				CLANG_WARN__DUPLICATE_METHOD_MATCH = YES;
				COPY_PHASE_STRIP = NO;
				DEBUG_INFORMATION_FORMAT = "dwarf-with-dsym";
				ENABLE_NS_ASSERTIONS = NO;
				ENABLE_STRICT_OBJC_MSGSEND = YES;
				GCC_C_LANGUAGE_STANDARD = gnu11;
				GCC_NO_COMMON_BLOCKS = YES;
				GCC_WARN_64_TO_32_BIT_CONVERSION = YES;
				GCC_WARN_ABOUT_RETURN_TYPE = YES_ERROR;
				GCC_WARN_UNDECLARED_SELECTOR = YES;
				GCC_WARN_UNINITIALIZED_AUTOS = YES_AGGRESSIVE;
				GCC_WARN_UNUSED_FUNCTION = YES;
				GCC_WARN_UNUSED_VARIABLE = YES;
				IPHONEOS_DEPLOYMENT_TARGET = 13.2;
				MTL_ENABLE_DEBUG_INFO = NO;
				MTL_FAST_MATH = YES;
				SDKROOT = iphoneos;
				SWIFT_COMPILATION_MODE = wholemodule;
				SWIFT_OPTIMIZATION_LEVEL = "-O";
				VALIDATE_PRODUCT = YES;
			};
			name = Release;
		};
		CE59CC0B2446C8C700D1931D /* Debug */ = {
			isa = XCBuildConfiguration;
			buildSettings = {
				ASSETCATALOG_COMPILER_APPICON_NAME = AppIcon;
				CODE_SIGN_STYLE = Automatic;
				DEVELOPMENT_TEAM = 52L6T7H6QG;
				INFOPLIST_FILE = OCRManager/Info.plist;
				LD_RUNPATH_SEARCH_PATHS = (
					"$(inherited)",
					"@executable_path/Frameworks",
				);
				PRODUCT_BUNDLE_IDENTIFIER = com.by.OCRManager;
				PRODUCT_NAME = "$(TARGET_NAME)";
				SWIFT_VERSION = 5.0;
				TARGETED_DEVICE_FAMILY = "1,2";
			};
			name = Debug;
		};
		CE59CC0C2446C8C700D1931D /* Release */ = {
			isa = XCBuildConfiguration;
			buildSettings = {
				ASSETCATALOG_COMPILER_APPICON_NAME = AppIcon;
				CODE_SIGN_STYLE = Automatic;
				DEVELOPMENT_TEAM = 52L6T7H6QG;
				INFOPLIST_FILE = OCRManager/Info.plist;
				LD_RUNPATH_SEARCH_PATHS = (
					"$(inherited)",
					"@executable_path/Frameworks",
				);
				PRODUCT_BUNDLE_IDENTIFIER = com.by.OCRManager;
				PRODUCT_NAME = "$(TARGET_NAME)";
				SWIFT_VERSION = 5.0;
				TARGETED_DEVICE_FAMILY = "1,2";
			};
			name = Release;
		};
/* End XCBuildConfiguration section */

/* Begin XCConfigurationList section */
		CE59CBF12446C8C400D1931D /* Build configuration list for PBXProject "OCRManager" */ = {
			isa = XCConfigurationList;
			buildConfigurations = (
				CE59CC082446C8C700D1931D /* Debug */,
				CE59CC092446C8C700D1931D /* Release */,
			);
			defaultConfigurationIsVisible = 0;
			defaultConfigurationName = Release;
		};
		CE59CC0A2446C8C700D1931D /* Build configuration list for PBXNativeTarget "OCRManager" */ = {
			isa = XCConfigurationList;
			buildConfigurations = (
				CE59CC0B2446C8C700D1931D /* Debug */,
				CE59CC0C2446C8C700D1931D /* Release */,
			);
			defaultConfigurationIsVisible = 0;
			defaultConfigurationName = Release;
		};
/* End XCConfigurationList section */
	};
	rootObject = CE59CBEE2446C8C400D1931D /* Project object */;
}
