// !$*UTF8*$!
{
	archiveVersion = 1;
	classes = {
	};
	objectVersion = 50;
	objects = {

/* Begin PBXBuildFile section */
		AB9FD9211D5719CA8E511EDE /* Pods_EmailClient.framework in Frameworks */ = {isa = PBXBuildFile; fileRef = C517A11772C08F1659AF94C4 /* Pods_EmailClient.framework */; };
		C4C1D19E25C2D57600AAD637 /* AppDelegate.swift in Sources */ = {isa = PBXBuildFile; fileRef = C4C1D19D25C2D57600AAD637 /* AppDelegate.swift */; };
		C4C1D1A025C2D57600AAD637 /* SceneDelegate.swift in Sources */ = {isa = PBXBuildFile; fileRef = C4C1D19F25C2D57600AAD637 /* SceneDelegate.swift */; };
		C4C1D1A225C2D57600AAD637 /* ViewController.swift in Sources */ = {isa = PBXBuildFile; fileRef = C4C1D1A125C2D57600AAD637 /* ViewController.swift */; };
		C4C1D1A525C2D57600AAD637 /* Main.storyboard in Resources */ = {isa = PBXBuildFile; fileRef = C4C1D1A325C2D57600AAD637 /* Main.storyboard */; };
		C4C1D1A725C2D57800AAD637 /* Assets.xcassets in Resources */ = {isa = PBXBuildFile; fileRef = C4C1D1A625C2D57800AAD637 /* Assets.xcassets */; };
		C4C1D1AA25C2D57800AAD637 /* LaunchScreen.storyboard in Resources */ = {isa = PBXBuildFile; fileRef = C4C1D1A825C2D57800AAD637 /* LaunchScreen.storyboard */; };
/* End PBXBuildFile section */

/* Begin PBXFileReference section */
		C4C1D19A25C2D57600AAD637 /* EmailClient.app */ = {isa = PBXFileReference; explicitFileType = wrapper.application; includeInIndex = 0; path = EmailClient.app; sourceTree = BUILT_PRODUCTS_DIR; };
		C4C1D19D25C2D57600AAD637 /* AppDelegate.swift */ = {isa = PBXFileReference; lastKnownFileType = sourcecode.swift; path = AppDelegate.swift; sourceTree = "<group>"; };
		C4C1D19F25C2D57600AAD637 /* SceneDelegate.swift */ = {isa = PBXFileReference; lastKnownFileType = sourcecode.swift; path = SceneDelegate.swift; sourceTree = "<group>"; };
		C4C1D1A125C2D57600AAD637 /* ViewController.swift */ = {isa = PBXFileReference; lastKnownFileType = sourcecode.swift; path = ViewController.swift; sourceTree = "<group>"; };
		C4C1D1A425C2D57600AAD637 /* Base */ = {isa = PBXFileReference; lastKnownFileType = file.storyboard; name = Base; path = Base.lproj/Main.storyboard; sourceTree = "<group>"; };
		C4C1D1A625C2D57800AAD637 /* Assets.xcassets */ = {isa = PBXFileReference; lastKnownFileType = folder.assetcatalog; path = Assets.xcassets; sourceTree = "<group>"; };
		C4C1D1A925C2D57800AAD637 /* Base */ = {isa = PBXFileReference; lastKnownFileType = file.storyboard; name = Base; path = Base.lproj/LaunchScreen.storyboard; sourceTree = "<group>"; };
		C4C1D1AB25C2D57800AAD637 /* Info.plist */ = {isa = PBXFileReference; lastKnownFileType = text.plist.xml; path = Info.plist; sourceTree = "<group>"; };
		C4C1D1C125C2DA3C00AAD637 /* EmailClient-Bridging-Header.h */ = {isa = PBXFileReference; lastKnownFileType = sourcecode.c.h; path = "EmailClient-Bridging-Header.h"; sourceTree = "<group>"; };
		C517A11772C08F1659AF94C4 /* Pods_EmailClient.framework */ = {isa = PBXFileReference; explicitFileType = wrapper.framework; includeInIndex = 0; path = Pods_EmailClient.framework; sourceTree = BUILT_PRODUCTS_DIR; };
		E352BE5B63FB925B4655103B /* Pods-EmailClient.debug.xcconfig */ = {isa = PBXFileReference; includeInIndex = 1; lastKnownFileType = text.xcconfig; name = "Pods-EmailClient.debug.xcconfig"; path = "Target Support Files/Pods-EmailClient/Pods-EmailClient.debug.xcconfig"; sourceTree = "<group>"; };
		F88AD6E8B194BB31BC2ACEF7 /* Pods-EmailClient.release.xcconfig */ = {isa = PBXFileReference; includeInIndex = 1; lastKnownFileType = text.xcconfig; name = "Pods-EmailClient.release.xcconfig"; path = "Target Support Files/Pods-EmailClient/Pods-EmailClient.release.xcconfig"; sourceTree = "<group>"; };
/* End PBXFileReference section */

/* Begin PBXFrameworksBuildPhase section */
		C4C1D19725C2D57600AAD637 /* Frameworks */ = {
			isa = PBXFrameworksBuildPhase;
			buildActionMask = 2147483647;
			files = (
				AB9FD9211D5719CA8E511EDE /* Pods_EmailClient.framework in Frameworks */,
			);
			runOnlyForDeploymentPostprocessing = 0;
		};
/* End PBXFrameworksBuildPhase section */

/* Begin PBXGroup section */
		1719E83AB01128FEC9254D7B /* Frameworks */ = {
			isa = PBXGroup;
			children = (
				C517A11772C08F1659AF94C4 /* Pods_EmailClient.framework */,
			);
			name = Frameworks;
			sourceTree = "<group>";
		};
		1F2BA156C199E05F4E1A4C74 /* Pods */ = {
			isa = PBXGroup;
			children = (
				E352BE5B63FB925B4655103B /* Pods-EmailClient.debug.xcconfig */,
				F88AD6E8B194BB31BC2ACEF7 /* Pods-EmailClient.release.xcconfig */,
			);
			path = Pods;
			sourceTree = "<group>";
		};
		C4C1D19125C2D57600AAD637 = {
			isa = PBXGroup;
			children = (
				C4C1D19C25C2D57600AAD637 /* EmailClient */,
				C4C1D19B25C2D57600AAD637 /* Products */,
				1F2BA156C199E05F4E1A4C74 /* Pods */,
				1719E83AB01128FEC9254D7B /* Frameworks */,
			);
			sourceTree = "<group>";
		};
		C4C1D19B25C2D57600AAD637 /* Products */ = {
			isa = PBXGroup;
			children = (
				C4C1D19A25C2D57600AAD637 /* EmailClient.app */,
			);
			name = Products;
			sourceTree = "<group>";
		};
		C4C1D19C25C2D57600AAD637 /* EmailClient */ = {
			isa = PBXGroup;
			children = (
				C4C1D19D25C2D57600AAD637 /* AppDelegate.swift */,
				C4C1D19F25C2D57600AAD637 /* SceneDelegate.swift */,
				C4C1D1A125C2D57600AAD637 /* ViewController.swift */,
				C4C1D1A325C2D57600AAD637 /* Main.storyboard */,
				C4C1D1A625C2D57800AAD637 /* Assets.xcassets */,
				C4C1D1A825C2D57800AAD637 /* LaunchScreen.storyboard */,
				C4C1D1AB25C2D57800AAD637 /* Info.plist */,
				C4C1D1C125C2DA3C00AAD637 /* EmailClient-Bridging-Header.h */,
			);
			path = EmailClient;
			sourceTree = "<group>";
		};
/* End PBXGroup section */

/* Begin PBXNativeTarget section */
		C4C1D19925C2D57600AAD637 /* EmailClient */ = {
			isa = PBXNativeTarget;
			buildConfigurationList = C4C1D1AE25C2D57800AAD637 /* Build configuration list for PBXNativeTarget "EmailClient" */;
			buildPhases = (
				0C7338D16E1A0E6FF632A295 /* [CP] Check Pods Manifest.lock */,
				C4C1D19625C2D57600AAD637 /* Sources */,
				C4C1D19725C2D57600AAD637 /* Frameworks */,
				C4C1D19825C2D57600AAD637 /* Resources */,
			);
			buildRules = (
			);
			dependencies = (
			);
			name = EmailClient;
			productName = EmailClient;
			productReference = C4C1D19A25C2D57600AAD637 /* EmailClient.app */;
			productType = "com.apple.product-type.application";
		};
/* End PBXNativeTarget section */

/* Begin PBXProject section */
		C4C1D19225C2D57600AAD637 /* Project object */ = {
			isa = PBXProject;
			attributes = {
				LastSwiftUpdateCheck = 1200;
				LastUpgradeCheck = 1200;
				TargetAttributes = {
					C4C1D19925C2D57600AAD637 = {
						CreatedOnToolsVersion = 12.0.1;
						LastSwiftMigration = 1200;
					};
				};
			};
			buildConfigurationList = C4C1D19525C2D57600AAD637 /* Build configuration list for PBXProject "EmailClient" */;
			compatibilityVersion = "Xcode 9.3";
			developmentRegion = en;
			hasScannedForEncodings = 0;
			knownRegions = (
				en,
				Base,
			);
			mainGroup = C4C1D19125C2D57600AAD637;
			productRefGroup = C4C1D19B25C2D57600AAD637 /* Products */;
			projectDirPath = "";
			projectRoot = "";
			targets = (
				C4C1D19925C2D57600AAD637 /* EmailClient */,
			);
		};
/* End PBXProject section */

/* Begin PBXResourcesBuildPhase section */
		C4C1D19825C2D57600AAD637 /* Resources */ = {
			isa = PBXResourcesBuildPhase;
			buildActionMask = 2147483647;
			files = (
				C4C1D1AA25C2D57800AAD637 /* LaunchScreen.storyboard in Resources */,
				C4C1D1A725C2D57800AAD637 /* Assets.xcassets in Resources */,
				C4C1D1A525C2D57600AAD637 /* Main.storyboard in Resources */,
			);
			runOnlyForDeploymentPostprocessing = 0;
		};
/* End PBXResourcesBuildPhase section */

/* Begin PBXShellScriptBuildPhase section */
		0C7338D16E1A0E6FF632A295 /* [CP] Check Pods Manifest.lock */ = {
			isa = PBXShellScriptBuildPhase;
			buildActionMask = 2147483647;
			files = (
			);
			inputFileListPaths = (
			);
			inputPaths = (
				"${PODS_PODFILE_DIR_PATH}/Podfile.lock",
				"${PODS_ROOT}/Manifest.lock",
			);
			name = "[CP] Check Pods Manifest.lock";
			outputFileListPaths = (
			);
			outputPaths = (
				"$(DERIVED_FILE_DIR)/Pods-EmailClient-checkManifestLockResult.txt",
			);
			runOnlyForDeploymentPostprocessing = 0;
			shellPath = /bin/sh;
			shellScript = "diff \"${PODS_PODFILE_DIR_PATH}/Podfile.lock\" \"${PODS_ROOT}/Manifest.lock\" > /dev/null\nif [ $? != 0 ] ; then\n    # print error to STDERR\n    echo \"error: The sandbox is not in sync with the Podfile.lock. Run 'pod install' or update your CocoaPods installation.\" >&2\n    exit 1\nfi\n# This output is used by Xcode 'outputs' to avoid re-running this script phase.\necho \"SUCCESS\" > \"${SCRIPT_OUTPUT_FILE_0}\"\n";
			showEnvVarsInLog = 0;
		};
/* End PBXShellScriptBuildPhase section */

/* Begin PBXSourcesBuildPhase section */
		C4C1D19625C2D57600AAD637 /* Sources */ = {
			isa = PBXSourcesBuildPhase;
			buildActionMask = 2147483647;
			files = (
				C4C1D1A225C2D57600AAD637 /* ViewController.swift in Sources */,
				C4C1D19E25C2D57600AAD637 /* AppDelegate.swift in Sources */,
				C4C1D1A025C2D57600AAD637 /* SceneDelegate.swift in Sources */,
			);
			runOnlyForDeploymentPostprocessing = 0;
		};
/* End PBXSourcesBuildPhase section */

/* Begin PBXVariantGroup section */
		C4C1D1A325C2D57600AAD637 /* Main.storyboard */ = {
			isa = PBXVariantGroup;
			children = (
				C4C1D1A425C2D57600AAD637 /* Base */,
			);
			name = Main.storyboard;
			sourceTree = "<group>";
		};
		C4C1D1A825C2D57800AAD637 /* LaunchScreen.storyboard */ = {
			isa = PBXVariantGroup;
			children = (
				C4C1D1A925C2D57800AAD637 /* Base */,
			);
			name = LaunchScreen.storyboard;
			sourceTree = "<group>";
		};
/* End PBXVariantGroup section */

/* Begin XCBuildConfiguration section */
		C4C1D1AC25C2D57800AAD637 /* Debug */ = {
			isa = XCBuildConfiguration;
			buildSettings = {
				ALWAYS_SEARCH_USER_PATHS = NO;
				CLANG_ANALYZER_NONNULL = YES;
				CLANG_ANALYZER_NUMBER_OBJECT_CONVERSION = YES_AGGRESSIVE;
				CLANG_CXX_LANGUAGE_STANDARD = "gnu++14";
				CLANG_CXX_LIBRARY = "libc++";
				CLANG_ENABLE_MODULES = YES;
				CLANG_ENABLE_OBJC_ARC = YES;
				CLANG_ENABLE_OBJC_WEAK = YES;
				CLANG_WARN_BLOCK_CAPTURE_AUTORELEASING = YES;
				CLANG_WARN_BOOL_CONVERSION = YES;
				CLANG_WARN_COMMA = YES;
				CLANG_WARN_CONSTANT_CONVERSION = YES;
				CLANG_WARN_DEPRECATED_OBJC_IMPLEMENTATIONS = YES;
				CLANG_WARN_DIRECT_OBJC_ISA_USAGE = YES_ERROR;
				CLANG_WARN_DOCUMENTATION_COMMENTS = YES;
				CLANG_WARN_EMPTY_BODY = YES;
				CLANG_WARN_ENUM_CONVERSION = YES;
				CLANG_WARN_INFINITE_RECURSION = YES;
				CLANG_WARN_INT_CONVERSION = YES;
				CLANG_WARN_NON_LITERAL_NULL_CONVERSION = YES;
				CLANG_WARN_OBJC_IMPLICIT_RETAIN_SELF = YES;
				CLANG_WARN_OBJC_LITERAL_CONVERSION = YES;
				CLANG_WARN_OBJC_ROOT_CLASS = YES_ERROR;
				CLANG_WARN_QUOTED_INCLUDE_IN_FRAMEWORK_HEADER = YES;
				CLANG_WARN_RANGE_LOOP_ANALYSIS = YES;
				CLANG_WARN_STRICT_PROTOTYPES = YES;
				CLANG_WARN_SUSPICIOUS_MOVE = YES;
				CLANG_WARN_UNGUARDED_AVAILABILITY = YES_AGGRESSIVE;
				CLANG_WARN_UNREACHABLE_CODE = YES;
				CLANG_WARN__DUPLICATE_METHOD_MATCH = YES;
				COPY_PHASE_STRIP = NO;
				DEBUG_INFORMATION_FORMAT = dwarf;
				ENABLE_STRICT_OBJC_MSGSEND = YES;
				ENABLE_TESTABILITY = YES;
				GCC_C_LANGUAGE_STANDARD = gnu11;
				GCC_DYNAMIC_NO_PIC = NO;
				GCC_NO_COMMON_BLOCKS = YES;
				GCC_OPTIMIZATION_LEVEL = 0;
				GCC_PREPROCESSOR_DEFINITIONS = (
					"DEBUG=1",
					"$(inherited)",
				);
				GCC_WARN_64_TO_32_BIT_CONVERSION = YES;
				GCC_WARN_ABOUT_RETURN_TYPE = YES_ERROR;
				GCC_WARN_UNDECLARED_SELECTOR = YES;
				GCC_WARN_UNINITIALIZED_AUTOS = YES_AGGRESSIVE;
				GCC_WARN_UNUSED_FUNCTION = YES;
				GCC_WARN_UNUSED_VARIABLE = YES;
				IPHONEOS_DEPLOYMENT_TARGET = 14.0;
				MTL_ENABLE_DEBUG_INFO = INCLUDE_SOURCE;
				MTL_FAST_MATH = YES;
				ONLY_ACTIVE_ARCH = YES;
				SDKROOT = iphoneos;
				SWIFT_ACTIVE_COMPILATION_CONDITIONS = DEBUG;
				SWIFT_OPTIMIZATION_LEVEL = "-Onone";
			};
			name = Debug;
		};
		C4C1D1AD25C2D57800AAD637 /* Release */ = {
			isa = XCBuildConfiguration;
			buildSettings = {
				ALWAYS_SEARCH_USER_PATHS = NO;
				CLANG_ANALYZER_NONNULL = YES;
				CLANG_ANALYZER_NUMBER_OBJECT_CONVERSION = YES_AGGRESSIVE;
				CLANG_CXX_LANGUAGE_STANDARD = "gnu++14";
				CLANG_CXX_LIBRARY = "libc++";
				CLANG_ENABLE_MODULES = YES;
				CLANG_ENABLE_OBJC_ARC = YES;
				CLANG_ENABLE_OBJC_WEAK = YES;
				CLANG_WARN_BLOCK_CAPTURE_AUTORELEASING = YES;
				CLANG_WARN_BOOL_CONVERSION = YES;
				CLANG_WARN_COMMA = YES;
				CLANG_WARN_CONSTANT_CONVERSION = YES;
				CLANG_WARN_DEPRECATED_OBJC_IMPLEMENTATIONS = YES;
				CLANG_WARN_DIRECT_OBJC_ISA_USAGE = YES_ERROR;
				CLANG_WARN_DOCUMENTATION_COMMENTS = YES;
				CLANG_WARN_EMPTY_BODY = YES;
				CLANG_WARN_ENUM_CONVERSION = YES;
				CLANG_WARN_INFINITE_RECURSION = YES;
				CLANG_WARN_INT_CONVERSION = YES;
				CLANG_WARN_NON_LITERAL_NULL_CONVERSION = YES;
				CLANG_WARN_OBJC_IMPLICIT_RETAIN_SELF = YES;
				CLANG_WARN_OBJC_LITERAL_CONVERSION = YES;
				CLANG_WARN_OBJC_ROOT_CLASS = YES_ERROR;
				CLANG_WARN_QUOTED_INCLUDE_IN_FRAMEWORK_HEADER = YES;
				CLANG_WARN_RANGE_LOOP_ANALYSIS = YES;
				CLANG_WARN_STRICT_PROTOTYPES = YES;
				CLANG_WARN_SUSPICIOUS_MOVE = YES;
				CLANG_WARN_UNGUARDED_AVAILABILITY = YES_AGGRESSIVE;
				CLANG_WARN_UNREACHABLE_CODE = YES;
				CLANG_WARN__DUPLICATE_METHOD_MATCH = YES;
				COPY_PHASE_STRIP = NO;
				DEBUG_INFORMATION_FORMAT = "dwarf-with-dsym";
				ENABLE_NS_ASSERTIONS = NO;
				ENABLE_STRICT_OBJC_MSGSEND = YES;
				GCC_C_LANGUAGE_STANDARD = gnu11;
				GCC_NO_COMMON_BLOCKS = YES;
				GCC_WARN_64_TO_32_BIT_CONVERSION = YES;
				GCC_WARN_ABOUT_RETURN_TYPE = YES_ERROR;
				GCC_WARN_UNDECLARED_SELECTOR = YES;
				GCC_WARN_UNINITIALIZED_AUTOS = YES_AGGRESSIVE;
				GCC_WARN_UNUSED_FUNCTION = YES;
				GCC_WARN_UNUSED_VARIABLE = YES;
				IPHONEOS_DEPLOYMENT_TARGET = 14.0;
				MTL_ENABLE_DEBUG_INFO = NO;
				MTL_FAST_MATH = YES;
				SDKROOT = iphoneos;
				SWIFT_COMPILATION_MODE = wholemodule;
				SWIFT_OPTIMIZATION_LEVEL = "-O";
				VALIDATE_PRODUCT = YES;
			};
			name = Release;
		};
		C4C1D1AF25C2D57800AAD637 /* Debug */ = {
			isa = XCBuildConfiguration;
			baseConfigurationReference = E352BE5B63FB925B4655103B /* Pods-EmailClient.debug.xcconfig */;
			buildSettings = {
				ASSETCATALOG_COMPILER_APPICON_NAME = AppIcon;
				ASSETCATALOG_COMPILER_GLOBAL_ACCENT_COLOR_NAME = AccentColor;
				CLANG_ENABLE_MODULES = YES;
				CODE_SIGN_STYLE = Automatic;
				INFOPLIST_FILE = EmailClient/Info.plist;
				LD_RUNPATH_SEARCH_PATHS = (
					"$(inherited)",
					"@executable_path/Frameworks",
				);
				PRODUCT_BUNDLE_IDENTIFIER = com.by.EmailClient;
				PRODUCT_NAME = "$(TARGET_NAME)";
				SWIFT_OBJC_BRIDGING_HEADER = "EmailClient/EmailClient-Bridging-Header.h";
				SWIFT_OPTIMIZATION_LEVEL = "-Onone";
				SWIFT_VERSION = 5.0;
				TARGETED_DEVICE_FAMILY = "1,2";
			};
			name = Debug;
		};
		C4C1D1B025C2D57800AAD637 /* Release */ = {
			isa = XCBuildConfiguration;
			baseConfigurationReference = F88AD6E8B194BB31BC2ACEF7 /* Pods-EmailClient.release.xcconfig */;
			buildSettings = {
				ASSETCATALOG_COMPILER_APPICON_NAME = AppIcon;
				ASSETCATALOG_COMPILER_GLOBAL_ACCENT_COLOR_NAME = AccentColor;
				CLANG_ENABLE_MODULES = YES;
				CODE_SIGN_STYLE = Automatic;
				INFOPLIST_FILE = EmailClient/Info.plist;
				LD_RUNPATH_SEARCH_PATHS = (
					"$(inherited)",
					"@executable_path/Frameworks",
				);
				PRODUCT_BUNDLE_IDENTIFIER = com.by.EmailClient;
				PRODUCT_NAME = "$(TARGET_NAME)";
				SWIFT_OBJC_BRIDGING_HEADER = "EmailClient/EmailClient-Bridging-Header.h";
				SWIFT_VERSION = 5.0;
				TARGETED_DEVICE_FAMILY = "1,2";
			};
			name = Release;
		};
/* End XCBuildConfiguration section */

/* Begin XCConfigurationList section */
		C4C1D19525C2D57600AAD637 /* Build configuration list for PBXProject "EmailClient" */ = {
			isa = XCConfigurationList;
			buildConfigurations = (
				C4C1D1AC25C2D57800AAD637 /* Debug */,
				C4C1D1AD25C2D57800AAD637 /* Release */,
			);
			defaultConfigurationIsVisible = 0;
			defaultConfigurationName = Release;
		};
		C4C1D1AE25C2D57800AAD637 /* Build configuration list for PBXNativeTarget "EmailClient" */ = {
			isa = XCConfigurationList;
			buildConfigurations = (
				C4C1D1AF25C2D57800AAD637 /* Debug */,
				C4C1D1B025C2D57800AAD637 /* Release */,
			);
			defaultConfigurationIsVisible = 0;
			defaultConfigurationName = Release;
		};
/* End XCConfigurationList section */
	};
	rootObject = C4C1D19225C2D57600AAD637 /* Project object */;
}
